
Microsoft Visual Studio Solution File, Format Version 12.00
# Visual Studio Version 17
VisualStudioVersion = 17.7.34031.279
MinimumVisualStudioVersion = 10.0.40219.1
Project("{FAE04EC0-301F-11D3-BF4B-00C04F79EFBC}") = "8.B Exercise", "8.B Exercise\8.B Exercise.csproj", "{FCF0600B-D7C7-4922-8E30-D8245A061BFC}"
EndProject
Global
	GlobalSection(SolutionConfigurationPlatforms) = preSolution
		Debug|Any CPU = Debug|Any CPU
		Release|Any CPU = Release|Any CPU
	EndGlobalSection
	GlobalSection(ProjectConfigurationPlatforms) = postSolution
		{FCF0600B-D7C7-4922-8E30-D8245A061BFC}.Debug|Any CPU.ActiveCfg = Debug|Any CPU
		{FCF0600B-D7C7-4922-8E30-D8245A061BFC}.Debug|Any CPU.Build.0 = Debug|Any CPU
		{FCF0600B-D7C7-4922-8E30-D8245A061BFC}.Release|Any CPU.ActiveCfg = Release|Any CPU
		{FCF0600B-D7C7-4922-8E30-D8245A061BFC}.Release|Any CPU.Build.0 = Release|Any CPU
	EndGlobalSection
	GlobalSection(SolutionProperties) = preSolution
		HideSolutionNode = FALSE
	EndGlobalSection
	GlobalSection(ExtensibilityGlobals) = postSolution
		SolutionGuid = {B22BC242-D434-42E4-9B63-9B4C5B221707}
	EndGlobalSection
EndGlobal
